// !$*UTF8*$!
{
	archiveVersion = 1;
	classes = {
	};
	objectVersion = 77;
	objects = {

/* Begin PBXBuildFile section */
		713F96D42F46F87300A705E0 /* AppDelegate.swift in Sources */ = {isa = PBXBuildFile; fileRef = 713F96D32F46F87300A705E0 /* AppDelegate.swift */; };
		713F96D62F46F87300A705E0 /* SceneDelegate.swift in Sources */ = {isa = PBXBuildFile; fileRef = 713F96D52F46F87300A705E0 /* SceneDelegate.swift */; };
		713F96D92F46F87300A705E0 /* LaunchScreen.storyboard in Resources */ = {isa = PBXBuildFile; fileRef = 713F96D72F46F87300A705E0 /* LaunchScreen.storyboard */; };
		713F96DC2F46F87300A705E0 /* Main.storyboard in Resources */ = {isa = PBXBuildFile; fileRef = 713F96DA2F46F87300A705E0 /* Main.storyboard */; };
		713F96E52F46F87300A705E0 /* AppDelegate.swift in Sources */ = {isa = PBXBuildFile; fileRef = 713F96E42F46F87300A705E0 /* AppDelegate.swift */; };
		713F96E82F46F87300A705E0 /* Main.storyboard in Resources */ = {isa = PBXBuildFile; fileRef = 713F96E62F46F87300A705E0 /* Main.storyboard */; };
		713F96EF2F46F87300A705E0 /* VideoLinkCatcher Extension.appex in Embed Foundation Extensions */ = {isa = PBXBuildFile; fileRef = 713F96EE2F46F87300A705E0 /* VideoLinkCatcher Extension.appex */; settings = {ATTRIBUTES = (RemoveHeadersOnCopy, ); }; };
		713F96F92F46F87300A705E0 /* VideoLinkCatcher Extension.appex in Embed Foundation Extensions */ = {isa = PBXBuildFile; fileRef = 713F96F82F46F87300A705E0 /* VideoLinkCatcher Extension.appex */; settings = {ATTRIBUTES = (RemoveHeadersOnCopy, ); }; };
		713F96FE2F46F87300A705E0 /* Main.html in Resources */ = {isa = PBXBuildFile; fileRef = 713F96C32F46F87200A705E0 /* Main.html */; };
		713F96FF2F46F87300A705E0 /* Main.html in Resources */ = {isa = PBXBuildFile; fileRef = 713F96C32F46F87200A705E0 /* Main.html */; };
		713F97002F46F87300A705E0 /* Icon.png in Resources */ = {isa = PBXBuildFile; fileRef = 713F96C52F46F87200A705E0 /* Icon.png */; };
		713F97012F46F87300A705E0 /* Icon.png in Resources */ = {isa = PBXBuildFile; fileRef = 713F96C52F46F87200A705E0 /* Icon.png */; };
		713F97022F46F87300A705E0 /* Style.css in Resources */ = {isa = PBXBuildFile; fileRef = 713F96C62F46F87200A705E0 /* Style.css */; };
		713F97032F46F87300A705E0 /* Style.css in Resources */ = {isa = PBXBuildFile; fileRef = 713F96C62F46F87200A705E0 /* Style.css */; };
		713F97042F46F87300A705E0 /* Script.js in Resources */ = {isa = PBXBuildFile; fileRef = 713F96C72F46F87200A705E0 /* Script.js */; };
		713F97052F46F87300A705E0 /* Script.js in Resources */ = {isa = PBXBuildFile; fileRef = 713F96C72F46F87200A705E0 /* Script.js */; };
		713F97062F46F87300A705E0 /* ViewController.swift in Sources */ = {isa = PBXBuildFile; fileRef = 713F96C82F46F87200A705E0 /* ViewController.swift */; };
		713F97072F46F87300A705E0 /* ViewController.swift in Sources */ = {isa = PBXBuildFile; fileRef = 713F96C82F46F87200A705E0 /* ViewController.swift */; };
		713F97082F46F87300A705E0 /* Assets.xcassets in Resources */ = {isa = PBXBuildFile; fileRef = 713F96C92F46F87300A705E0 /* Assets.xcassets */; };
		713F97092F46F87300A705E0 /* Assets.xcassets in Resources */ = {isa = PBXBuildFile; fileRef = 713F96C92F46F87300A705E0 /* Assets.xcassets */; };
		713F970A2F46F87300A705E0 /* SafariWebExtensionHandler.swift in Sources */ = {isa = PBXBuildFile; fileRef = 713F96CB2F46F87300A705E0 /* SafariWebExtensionHandler.swift */; };
		713F970B2F46F87300A705E0 /* SafariWebExtensionHandler.swift in Sources */ = {isa = PBXBuildFile; fileRef = 713F96CB2F46F87300A705E0 /* SafariWebExtensionHandler.swift */; };
		713F97202F46F87400A705E0 /* background.js in Resources */ = {isa = PBXBuildFile; fileRef = 713F971D2F46F87400A705E0 /* background.js */; };
		713F97212F46F87400A705E0 /* manifest.json in Resources */ = {isa = PBXBuildFile; fileRef = 713F971E2F46F87400A705E0 /* manifest.json */; };
		713F97222F46F87400A705E0 /* content.js in Resources */ = {isa = PBXBuildFile; fileRef = 713F971F2F46F87400A705E0 /* content.js */; };
		713F97232F46F87400A705E0 /* background.js in Resources */ = {isa = PBXBuildFile; fileRef = 713F971D2F46F87400A705E0 /* background.js */; };
		713F97242F46F87400A705E0 /* manifest.json in Resources */ = {isa = PBXBuildFile; fileRef = 713F971E2F46F87400A705E0 /* manifest.json */; };
		713F97252F46F87400A705E0 /* content.js in Resources */ = {isa = PBXBuildFile; fileRef = 713F971F2F46F87400A705E0 /* content.js */; };
/* End PBXBuildFile section */

/* Begin PBXContainerItemProxy section */
		713F96F02F46F87300A705E0 /* PBXContainerItemProxy */ = {
			isa = PBXContainerItemProxy;
			containerPortal = 713F96BD2F46F87200A705E0 /* Project object */;
			proxyType = 1;
			remoteGlobalIDString = 713F96ED2F46F87300A705E0;
			remoteInfo = "VideoLinkCatcher Extension (iOS)";
		};
		713F96FA2F46F87300A705E0 /* PBXContainerItemProxy */ = {
			isa = PBXContainerItemProxy;
			containerPortal = 713F96BD2F46F87200A705E0 /* Project object */;
			proxyType = 1;
			remoteGlobalIDString = 713F96F72F46F87300A705E0;
			remoteInfo = "VideoLinkCatcher Extension (macOS)";
		};
/* End PBXContainerItemProxy section */

/* Begin PBXCopyFilesBuildPhase section */
		713F97112F46F87300A705E0 /* Embed Foundation Extensions */ = {
			isa = PBXCopyFilesBuildPhase;
			buildActionMask = 2147483647;
			dstPath = "";
			dstSubfolderSpec = 13;
			files = (
				713F96EF2F46F87300A705E0 /* VideoLinkCatcher Extension.appex in Embed Foundation Extensions */,
			);
			name = "Embed Foundation Extensions";
			runOnlyForDeploymentPostprocessing = 0;
		};
		713F97182F46F87300A705E0 /* Embed Foundation Extensions */ = {
			isa = PBXCopyFilesBuildPhase;
			buildActionMask = 2147483647;
			dstPath = "";
			dstSubfolderSpec = 13;
			files = (
				713F96F92F46F87300A705E0 /* VideoLinkCatcher Extension.appex in Embed Foundation Extensions */,
			);
			name = "Embed Foundation Extensions";
			runOnlyForDeploymentPostprocessing = 0;
		};
/* End PBXCopyFilesBuildPhase section */

/* Begin PBXFileReference section */
		713F96C42F46F87200A705E0 /* Base */ = {isa = PBXFileReference; lastKnownFileType = text.html; name = Base; path = Base.lproj/Main.html; sourceTree = "<group>"; };
		713F96C52F46F87200A705E0 /* Icon.png */ = {isa = PBXFileReference; lastKnownFileType = image.png; path = Icon.png; sourceTree = "<group>"; };
		713F96C62F46F87200A705E0 /* Style.css */ = {isa = PBXFileReference; lastKnownFileType = text.css; path = Style.css; sourceTree = "<group>"; };
		713F96C72F46F87200A705E0 /* Script.js */ = {isa = PBXFileReference; lastKnownFileType = sourcecode.javascript; path = Script.js; sourceTree = "<group>"; };
		713F96C82F46F87200A705E0 /* ViewController.swift */ = {isa = PBXFileReference; lastKnownFileType = sourcecode.swift; path = ViewController.swift; sourceTree = "<group>"; };
		713F96C92F46F87300A705E0 /* Assets.xcassets */ = {isa = PBXFileReference; lastKnownFileType = folder.assetcatalog; path = Assets.xcassets; sourceTree = "<group>"; };
		713F96CB2F46F87300A705E0 /* SafariWebExtensionHandler.swift */ = {isa = PBXFileReference; lastKnownFileType = sourcecode.swift; path = SafariWebExtensionHandler.swift; sourceTree = "<group>"; };
		713F96D02F46F87300A705E0 /* VideoLinkCatcher.app */ = {isa = PBXFileReference; explicitFileType = wrapper.application; includeInIndex = 0; path = VideoLinkCatcher.app; sourceTree = BUILT_PRODUCTS_DIR; };
		713F96D32F46F87300A705E0 /* AppDelegate.swift */ = {isa = PBXFileReference; lastKnownFileType = sourcecode.swift; path = AppDelegate.swift; sourceTree = "<group>"; };
		713F96D52F46F87300A705E0 /* SceneDelegate.swift */ = {isa = PBXFileReference; lastKnownFileType = sourcecode.swift; path = SceneDelegate.swift; sourceTree = "<group>"; };
		713F96D82F46F87300A705E0 /* Base */ = {isa = PBXFileReference; lastKnownFileType = file.storyboard; name = Base; path = Base.lproj/LaunchScreen.storyboard; sourceTree = "<group>"; };
		713F96DB2F46F87300A705E0 /* Base */ = {isa = PBXFileReference; lastKnownFileType = file.storyboard; name = Base; path = Base.lproj/Main.storyboard; sourceTree = "<group>"; };
		713F96DD2F46F87300A705E0 /* Info.plist */ = {isa = PBXFileReference; lastKnownFileType = text.plist.xml; path = Info.plist; sourceTree = "<group>"; };
		713F96E22F46F87300A705E0 /* VideoLinkCatcher.app */ = {isa = PBXFileReference; explicitFileType = wrapper.application; includeInIndex = 0; path = VideoLinkCatcher.app; sourceTree = BUILT_PRODUCTS_DIR; };
		713F96E42F46F87300A705E0 /* AppDelegate.swift */ = {isa = PBXFileReference; lastKnownFileType = sourcecode.swift; path = AppDelegate.swift; sourceTree = "<group>"; };
		713F96E72F46F87300A705E0 /* Base */ = {isa = PBXFileReference; lastKnownFileType = file.storyboard; name = Base; path = Base.lproj/Main.storyboard; sourceTree = "<group>"; };
		713F96E92F46F87300A705E0 /* Info.plist */ = {isa = PBXFileReference; lastKnownFileType = text.plist.xml; path = Info.plist; sourceTree = "<group>"; };
		713F96EE2F46F87300A705E0 /* VideoLinkCatcher Extension.appex */ = {isa = PBXFileReference; explicitFileType = "wrapper.app-extension"; includeInIndex = 0; path = "VideoLinkCatcher Extension.appex"; sourceTree = BUILT_PRODUCTS_DIR; };
		713F96F32F46F87300A705E0 /* Info.plist */ = {isa = PBXFileReference; lastKnownFileType = text.plist.xml; path = Info.plist; sourceTree = "<group>"; };
		713F96F82F46F87300A705E0 /* VideoLinkCatcher Extension.appex */ = {isa = PBXFileReference; explicitFileType = "wrapper.app-extension"; includeInIndex = 0; path = "VideoLinkCatcher Extension.appex"; sourceTree = BUILT_PRODUCTS_DIR; };
		713F96FD2F46F87300A705E0 /* Info.plist */ = {isa = PBXFileReference; lastKnownFileType = text.plist.xml; path = Info.plist; sourceTree = "<group>"; };
		713F971D2F46F87400A705E0 /* background.js */ = {isa = PBXFileReference; lastKnownFileType = sourcecode.javascript; name = background.js; path = ../../Source/background.js; sourceTree = "<group>"; };
		713F971E2F46F87400A705E0 /* manifest.json */ = {isa = PBXFileReference; lastKnownFileType = text.json; name = manifest.json; path = ../../Source/manifest.json; sourceTree = "<group>"; };
		713F971F2F46F87400A705E0 /* content.js */ = {isa = PBXFileReference; lastKnownFileType = sourcecode.javascript; name = content.js; path = ../../Source/content.js; sourceTree = "<group>"; };
		71E098B22F49B9CF0087C290 /* background.js */ = {isa = PBXFileReference; lastKnownFileType = sourcecode.javascript; name = background.js; path = ../../../Source/background.js; sourceTree = "<group>"; };
		71E098B32F49B9CF0087C290 /* manifest.json */ = {isa = PBXFileReference; lastKnownFileType = text.json; name = manifest.json; path = ../../../Source/manifest.json; sourceTree = "<group>"; };
		71E098B42F49B9CF0087C290 /* content.js */ = {isa = PBXFileReference; lastKnownFileType = sourcecode.javascript; name = content.js; path = ../../../Source/content.js; sourceTree = "<group>"; };
/* End PBXFileReference section */

/* Begin PBXFrameworksBuildPhase section */
		713F96CD2F46F87300A705E0 /* Frameworks */ = {
			isa = PBXFrameworksBuildPhase;
			buildActionMask = 2147483647;
			files = (
			);
			runOnlyForDeploymentPostprocessing = 0;
		};
		713F96DF2F46F87300A705E0 /* Frameworks */ = {
			isa = PBXFrameworksBuildPhase;
			buildActionMask = 2147483647;
			files = (
			);
			runOnlyForDeploymentPostprocessing = 0;
		};
		713F96EB2F46F87300A705E0 /* Frameworks */ = {
			isa = PBXFrameworksBuildPhase;
			buildActionMask = 2147483647;
			files = (
			);
			runOnlyForDeploymentPostprocessing = 0;
		};
		713F96F52F46F87300A705E0 /* Frameworks */ = {
			isa = PBXFrameworksBuildPhase;
			buildActionMask = 2147483647;
			files = (
			);
			runOnlyForDeploymentPostprocessing = 0;
		};
/* End PBXFrameworksBuildPhase section */

/* Begin PBXGroup section */
		713F96BC2F46F87200A705E0 = {
			isa = PBXGroup;
			children = (
				713F96C12F46F87200A705E0 /* Shared (App) */,
				713F96CA2F46F87300A705E0 /* Shared (Extension) */,
				713F96D22F46F87300A705E0 /* iOS (App) */,
				713F96E32F46F87300A705E0 /* macOS (App) */,
				713F96F22F46F87300A705E0 /* iOS (Extension) */,
				713F96FC2F46F87300A705E0 /* macOS (Extension) */,
				713F96D12F46F87300A705E0 /* Products */,
			);
			sourceTree = "<group>";
		};
		713F96C12F46F87200A705E0 /* Shared (App) */ = {
			isa = PBXGroup;
			children = (
				713F96C82F46F87200A705E0 /* ViewController.swift */,
				713F96C92F46F87300A705E0 /* Assets.xcassets */,
				713F96C22F46F87200A705E0 /* Resources */,
			);
			path = "Shared (App)";
			sourceTree = "<group>";
		};
		713F96C22F46F87200A705E0 /* Resources */ = {
			isa = PBXGroup;
			children = (
				713F96C32F46F87200A705E0 /* Main.html */,
				713F96C52F46F87200A705E0 /* Icon.png */,
				713F96C62F46F87200A705E0 /* Style.css */,
				713F96C72F46F87200A705E0 /* Script.js */,
			);
			path = Resources;
			sourceTree = "<group>";
		};
		713F96CA2F46F87300A705E0 /* Shared (Extension) */ = {
			isa = PBXGroup;
			children = (
				713F96CB2F46F87300A705E0 /* SafariWebExtensionHandler.swift */,
			);
			path = "Shared (Extension)";
			sourceTree = "<group>";
		};
		713F96D12F46F87300A705E0 /* Products */ = {
			isa = PBXGroup;
			children = (
				713F96D02F46F87300A705E0 /* VideoLinkCatcher.app */,
				713F96E22F46F87300A705E0 /* VideoLinkCatcher.app */,
				713F96EE2F46F87300A705E0 /* VideoLinkCatcher Extension.appex */,
				713F96F82F46F87300A705E0 /* VideoLinkCatcher Extension.appex */,
			);
			name = Products;
			sourceTree = "<group>";
		};
		713F96D22F46F87300A705E0 /* iOS (App) */ = {
			isa = PBXGroup;
			children = (
				713F96D32F46F87300A705E0 /* AppDelegate.swift */,
				713F96D52F46F87300A705E0 /* SceneDelegate.swift */,
				713F96D72F46F87300A705E0 /* LaunchScreen.storyboard */,
				713F96DA2F46F87300A705E0 /* Main.storyboard */,
				713F96DD2F46F87300A705E0 /* Info.plist */,
			);
			path = "iOS (App)";
			sourceTree = "<group>";
		};
		713F96E32F46F87300A705E0 /* macOS (App) */ = {
			isa = PBXGroup;
			children = (
				713F96E42F46F87300A705E0 /* AppDelegate.swift */,
				713F96E62F46F87300A705E0 /* Main.storyboard */,
				713F96E92F46F87300A705E0 /* Info.plist */,
			);
			path = "macOS (App)";
			sourceTree = "<group>";
		};
		713F96F22F46F87300A705E0 /* iOS (Extension) */ = {
			isa = PBXGroup;
			children = (
				71E098B52F49B9CF0087C290 /* Resources */,
				713F96F32F46F87300A705E0 /* Info.plist */,
			);
			path = "iOS (Extension)";
			sourceTree = "<group>";
		};
		713F96FC2F46F87300A705E0 /* macOS (Extension) */ = {
			isa = PBXGroup;
			children = (
				713F971C2F46F87400A705E0 /* Resources */,
				713F96FD2F46F87300A705E0 /* Info.plist */,
			);
			path = "macOS (Extension)";
			sourceTree = "<group>";
		};
		713F971C2F46F87400A705E0 /* Resources */ = {
			isa = PBXGroup;
			children = (
				713F971D2F46F87400A705E0 /* background.js */,
				713F971E2F46F87400A705E0 /* manifest.json */,
				713F971F2F46F87400A705E0 /* content.js */,
			);
			name = Resources;
			path = "Shared (Extension)";
			sourceTree = SOURCE_ROOT;
		};
		71E098B52F49B9CF0087C290 /* Resources */ = {
			isa = PBXGroup;
			children = (
				71E098B22F49B9CF0087C290 /* background.js */,
				71E098B32F49B9CF0087C290 /* manifest.json */,
				71E098B42F49B9CF0087C290 /* content.js */,
			);
			name = Resources;
			path = "iOS (Extension)/Shared (Extension)";
			sourceTree = SOURCE_ROOT;
		};
/* End PBXGroup section */

/* Begin PBXNativeTarget section */
		713F96CF2F46F87300A705E0 /* VideoLinkCatcher (iOS) */ = {
			isa = PBXNativeTarget;
			buildConfigurationList = 713F97122F46F87300A705E0 /* Build configuration list for PBXNativeTarget "VideoLinkCatcher (iOS)" */;
			buildPhases = (
				713F96CC2F46F87300A705E0 /* Sources */,
				713F96CD2F46F87300A705E0 /* Frameworks */,
				713F96CE2F46F87300A705E0 /* Resources */,
				713F97112F46F87300A705E0 /* Embed Foundation Extensions */,
			);
			buildRules = (
			);
			dependencies = (
				713F96F12F46F87300A705E0 /* PBXTargetDependency */,
			);
			name = "VideoLinkCatcher (iOS)";
			packageProductDependencies = (
			);
			productName = "VideoLinkCatcher (iOS)";
			productReference = 713F96D02F46F87300A705E0 /* VideoLinkCatcher.app */;
			productType = "com.apple.product-type.application";
		};
		713F96E12F46F87300A705E0 /* VideoLinkCatcher (macOS) */ = {
			isa = PBXNativeTarget;
			buildConfigurationList = 713F97192F46F87300A705E0 /* Build configuration list for PBXNativeTarget "VideoLinkCatcher (macOS)" */;
			buildPhases = (
				713F96DE2F46F87300A705E0 /* Sources */,
				713F96DF2F46F87300A705E0 /* Frameworks */,
				713F96E02F46F87300A705E0 /* Resources */,
				713F97182F46F87300A705E0 /* Embed Foundation Extensions */,
			);
			buildRules = (
			);
			dependencies = (
				713F96FB2F46F87300A705E0 /* PBXTargetDependency */,
			);
			name = "VideoLinkCatcher (macOS)";
			packageProductDependencies = (
			);
			productName = "VideoLinkCatcher (macOS)";
			productReference = 713F96E22F46F87300A705E0 /* VideoLinkCatcher.app */;
			productType = "com.apple.product-type.application";
		};
		713F96ED2F46F87300A705E0 /* VideoLinkCatcher Extension (iOS) */ = {
			isa = PBXNativeTarget;
			buildConfigurationList = 713F970E2F46F87300A705E0 /* Build configuration list for PBXNativeTarget "VideoLinkCatcher Extension (iOS)" */;
			buildPhases = (
				713F96EA2F46F87300A705E0 /* Sources */,
				713F96EB2F46F87300A705E0 /* Frameworks */,
				713F96EC2F46F87300A705E0 /* Resources */,
			);
			buildRules = (
			);
			dependencies = (
			);
			name = "VideoLinkCatcher Extension (iOS)";
			packageProductDependencies = (
			);
			productName = "VideoLinkCatcher Extension (iOS)";
			productReference = 713F96EE2F46F87300A705E0 /* VideoLinkCatcher Extension.appex */;
			productType = "com.apple.product-type.app-extension";
		};
		713F96F72F46F87300A705E0 /* VideoLinkCatcher Extension (macOS) */ = {
			isa = PBXNativeTarget;
			buildConfigurationList = 713F97152F46F87300A705E0 /* Build configuration list for PBXNativeTarget "VideoLinkCatcher Extension (macOS)" */;
			buildPhases = (
				713F96F42F46F87300A705E0 /* Sources */,
				713F96F52F46F87300A705E0 /* Frameworks */,
				713F96F62F46F87300A705E0 /* Resources */,
			);
			buildRules = (
			);
			dependencies = (
			);
			name = "VideoLinkCatcher Extension (macOS)";
			packageProductDependencies = (
			);
			productName = "VideoLinkCatcher Extension (macOS)";
			productReference = 713F96F82F46F87300A705E0 /* VideoLinkCatcher Extension.appex */;
			productType = "com.apple.product-type.app-extension";
		};
/* End PBXNativeTarget section */

/* Begin PBXProject section */
		713F96BD2F46F87200A705E0 /* Project object */ = {
			isa = PBXProject;
			attributes = {
				BuildIndependentTargetsInParallel = 1;
				LastSwiftUpdateCheck = 2620;
				LastUpgradeCheck = 2620;
				TargetAttributes = {
					713F96CF2F46F87300A705E0 = {
						CreatedOnToolsVersion = 26.2;
					};
					713F96E12F46F87300A705E0 = {
						CreatedOnToolsVersion = 26.2;
					};
					713F96ED2F46F87300A705E0 = {
						CreatedOnToolsVersion = 26.2;
					};
					713F96F72F46F87300A705E0 = {
						CreatedOnToolsVersion = 26.2;
					};
				};
			};
			buildConfigurationList = 713F96C02F46F87200A705E0 /* Build configuration list for PBXProject "VideoLinkCatcher" */;
			developmentRegion = en;
			hasScannedForEncodings = 0;
			knownRegions = (
				en,
				Base,
			);
			mainGroup = 713F96BC2F46F87200A705E0;
			minimizedProjectReferenceProxies = 1;
			preferredProjectObjectVersion = 77;
			productRefGroup = 713F96D12F46F87300A705E0 /* Products */;
			projectDirPath = "";
			projectRoot = "";
			targets = (
				713F96CF2F46F87300A705E0 /* VideoLinkCatcher (iOS) */,
				713F96E12F46F87300A705E0 /* VideoLinkCatcher (macOS) */,
				713F96ED2F46F87300A705E0 /* VideoLinkCatcher Extension (iOS) */,
				713F96F72F46F87300A705E0 /* VideoLinkCatcher Extension (macOS) */,
			);
		};
/* End PBXProject section */

/* Begin PBXResourcesBuildPhase section */
		713F96CE2F46F87300A705E0 /* Resources */ = {
			isa = PBXResourcesBuildPhase;
			buildActionMask = 2147483647;
			files = (
				713F97002F46F87300A705E0 /* Icon.png in Resources */,
				713F96D92F46F87300A705E0 /* LaunchScreen.storyboard in Resources */,
				713F96FE2F46F87300A705E0 /* Main.html in Resources */,
				713F97042F46F87300A705E0 /* Script.js in Resources */,
				713F97082F46F87300A705E0 /* Assets.xcassets in Resources */,
				713F96DC2F46F87300A705E0 /* Main.storyboard in Resources */,
				713F97022F46F87300A705E0 /* Style.css in Resources */,
			);
			runOnlyForDeploymentPostprocessing = 0;
		};
		713F96E02F46F87300A705E0 /* Resources */ = {
			isa = PBXResourcesBuildPhase;
			buildActionMask = 2147483647;
			files = (
				713F97012F46F87300A705E0 /* Icon.png in Resources */,
				713F97032F46F87300A705E0 /* Style.css in Resources */,
				713F96E82F46F87300A705E0 /* Main.storyboard in Resources */,
				713F97052F46F87300A705E0 /* Script.js in Resources */,
				713F97092F46F87300A705E0 /* Assets.xcassets in Resources */,
				713F96FF2F46F87300A705E0 /* Main.html in Resources */,
			);
			runOnlyForDeploymentPostprocessing = 0;
		};
		713F96EC2F46F87300A705E0 /* Resources */ = {
			isa = PBXResourcesBuildPhase;
			buildActionMask = 2147483647;
			files = (
				713F97252F46F87400A705E0 /* content.js in Resources */,
				713F97242F46F87400A705E0 /* manifest.json in Resources */,
				713F97232F46F87400A705E0 /* background.js in Resources */,
			);
			runOnlyForDeploymentPostprocessing = 0;
		};
		713F96F62F46F87300A705E0 /* Resources */ = {
			isa = PBXResourcesBuildPhase;
			buildActionMask = 2147483647;
			files = (
				713F97222F46F87400A705E0 /* content.js in Resources */,
				713F97212F46F87400A705E0 /* manifest.json in Resources */,
				713F97202F46F87400A705E0 /* background.js in Resources */,
			);
			runOnlyForDeploymentPostprocessing = 0;
		};
/* End PBXResourcesBuildPhase section */

/* Begin PBXSourcesBuildPhase section */
		713F96CC2F46F87300A705E0 /* Sources */ = {
			isa = PBXSourcesBuildPhase;
			buildActionMask = 2147483647;
			files = (
				713F97062F46F87300A705E0 /* ViewController.swift in Sources */,
				713F96D42F46F87300A705E0 /* AppDelegate.swift in Sources */,
				713F96D62F46F87300A705E0 /* SceneDelegate.swift in Sources */,
			);
			runOnlyForDeploymentPostprocessing = 0;
		};
		713F96DE2F46F87300A705E0 /* Sources */ = {
			isa = PBXSourcesBuildPhase;
			buildActionMask = 2147483647;
			files = (
				713F97072F46F87300A705E0 /* ViewController.swift in Sources */,
				713F96E52F46F87300A705E0 /* AppDelegate.swift in Sources */,
			);
			runOnlyForDeploymentPostprocessing = 0;
		};
		713F96EA2F46F87300A705E0 /* Sources */ = {
			isa = PBXSourcesBuildPhase;
			buildActionMask = 2147483647;
			files = (
				713F970A2F46F87300A705E0 /* SafariWebExtensionHandler.swift in Sources */,
			);
			runOnlyForDeploymentPostprocessing = 0;
		};
		713F96F42F46F87300A705E0 /* Sources */ = {
			isa = PBXSourcesBuildPhase;
			buildActionMask = 2147483647;
			files = (
				713F970B2F46F87300A705E0 /* SafariWebExtensionHandler.swift in Sources */,
			);
			runOnlyForDeploymentPostprocessing = 0;
		};
/* End PBXSourcesBuildPhase section */

/* Begin PBXTargetDependency section */
		713F96F12F46F87300A705E0 /* PBXTargetDependency */ = {
			isa = PBXTargetDependency;
			target = 713F96ED2F46F87300A705E0 /* VideoLinkCatcher Extension (iOS) */;
			targetProxy = 713F96F02F46F87300A705E0 /* PBXContainerItemProxy */;
		};
		713F96FB2F46F87300A705E0 /* PBXTargetDependency */ = {
			isa = PBXTargetDependency;
			target = 713F96F72F46F87300A705E0 /* VideoLinkCatcher Extension (macOS) */;
			targetProxy = 713F96FA2F46F87300A705E0 /* PBXContainerItemProxy */;
		};
/* End PBXTargetDependency section */

/* Begin PBXVariantGroup section */
		713F96C32F46F87200A705E0 /* Main.html */ = {
			isa = PBXVariantGroup;
			children = (
				713F96C42F46F87200A705E0 /* Base */,
			);
			name = Main.html;
			sourceTree = "<group>";
		};
		713F96D72F46F87300A705E0 /* LaunchScreen.storyboard */ = {
			isa = PBXVariantGroup;
			children = (
				713F96D82F46F87300A705E0 /* Base */,
			);
			name = LaunchScreen.storyboard;
			sourceTree = "<group>";
		};
		713F96DA2F46F87300A705E0 /* Main.storyboard */ = {
			isa = PBXVariantGroup;
			children = (
				713F96DB2F46F87300A705E0 /* Base */,
			);
			name = Main.storyboard;
			sourceTree = "<group>";
		};
		713F96E62F46F87300A705E0 /* Main.storyboard */ = {
			isa = PBXVariantGroup;
			children = (
				713F96E72F46F87300A705E0 /* Base */,
			);
			name = Main.storyboard;
			sourceTree = "<group>";
		};
/* End PBXVariantGroup section */

/* Begin XCBuildConfiguration section */
		713F970C2F46F87300A705E0 /* Debug */ = {
			isa = XCBuildConfiguration;
			buildSettings = {
				ALWAYS_SEARCH_USER_PATHS = NO;
				ASSETCATALOG_COMPILER_GENERATE_SWIFT_ASSET_SYMBOL_EXTENSIONS = YES;
				CLANG_ANALYZER_NONNULL = YES;
				CLANG_ANALYZER_NUMBER_OBJECT_CONVERSION = YES_AGGRESSIVE;
				CLANG_CXX_LANGUAGE_STANDARD = "gnu++20";
				CLANG_ENABLE_MODULES = YES;
				CLANG_ENABLE_OBJC_ARC = YES;
				CLANG_ENABLE_OBJC_WEAK = YES;
				CLANG_WARN_BLOCK_CAPTURE_AUTORELEASING = YES;
				CLANG_WARN_BOOL_CONVERSION = YES;
				CLANG_WARN_COMMA = YES;
				CLANG_WARN_CONSTANT_CONVERSION = YES;
				CLANG_WARN_DEPRECATED_OBJC_IMPLEMENTATIONS = YES;
				CLANG_WARN_DIRECT_OBJC_ISA_USAGE = YES_ERROR;
				CLANG_WARN_DOCUMENTATION_COMMENTS = YES;
				CLANG_WARN_EMPTY_BODY = YES;
				CLANG_WARN_ENUM_CONVERSION = YES;
				CLANG_WARN_INFINITE_RECURSION = YES;
				CLANG_WARN_INT_CONVERSION = YES;
				CLANG_WARN_NON_LITERAL_NULL_CONVERSION = YES;
				CLANG_WARN_OBJC_IMPLICIT_RETAIN_SELF = YES;
				CLANG_WARN_OBJC_LITERAL_CONVERSION = YES;
				CLANG_WARN_OBJC_ROOT_CLASS = YES_ERROR;
				CLANG_WARN_QUOTED_INCLUDE_IN_FRAMEWORK_HEADER = YES;
				CLANG_WARN_RANGE_LOOP_ANALYSIS = YES;
				CLANG_WARN_STRICT_PROTOTYPES = YES;
				CLANG_WARN_SUSPICIOUS_MOVE = YES;
				CLANG_WARN_UNGUARDED_AVAILABILITY = YES_AGGRESSIVE;
				CLANG_WARN_UNREACHABLE_CODE = YES;
				CLANG_WARN__DUPLICATE_METHOD_MATCH = YES;
				COPY_PHASE_STRIP = NO;
				DEBUG_INFORMATION_FORMAT = dwarf;
				ENABLE_STRICT_OBJC_MSGSEND = YES;
				ENABLE_TESTABILITY = YES;
				ENABLE_USER_SCRIPT_SANDBOXING = YES;
				GCC_C_LANGUAGE_STANDARD = gnu17;
				GCC_DYNAMIC_NO_PIC = NO;
				GCC_NO_COMMON_BLOCKS = YES;
				GCC_OPTIMIZATION_LEVEL = 0;
				GCC_PREPROCESSOR_DEFINITIONS = (
					"DEBUG=1",
					"$(inherited)",
				);
				GCC_WARN_64_TO_32_BIT_CONVERSION = YES;
				GCC_WARN_ABOUT_RETURN_TYPE = YES_ERROR;
				GCC_WARN_UNDECLARED_SELECTOR = YES;
				GCC_WARN_UNINITIALIZED_AUTOS = YES_AGGRESSIVE;
				GCC_WARN_UNUSED_FUNCTION = YES;
				GCC_WARN_UNUSED_VARIABLE = YES;
				LOCALIZATION_PREFERS_STRING_CATALOGS = YES;
				MTL_ENABLE_DEBUG_INFO = INCLUDE_SOURCE;
				MTL_FAST_MATH = YES;
				ONLY_ACTIVE_ARCH = YES;
				SWIFT_ACTIVE_COMPILATION_CONDITIONS = "DEBUG $(inherited)";
				SWIFT_OPTIMIZATION_LEVEL = "-Onone";
			};
			name = Debug;
		};
		713F970D2F46F87300A705E0 /* Release */ = {
			isa = XCBuildConfiguration;
			buildSettings = {
				ALWAYS_SEARCH_USER_PATHS = NO;
				ASSETCATALOG_COMPILER_GENERATE_SWIFT_ASSET_SYMBOL_EXTENSIONS = YES;
				CLANG_ANALYZER_NONNULL = YES;
				CLANG_ANALYZER_NUMBER_OBJECT_CONVERSION = YES_AGGRESSIVE;
				CLANG_CXX_LANGUAGE_STANDARD = "gnu++20";
				CLANG_ENABLE_MODULES = YES;
				CLANG_ENABLE_OBJC_ARC = YES;
				CLANG_ENABLE_OBJC_WEAK = YES;
				CLANG_WARN_BLOCK_CAPTURE_AUTORELEASING = YES;
				CLANG_WARN_BOOL_CONVERSION = YES;
				CLANG_WARN_COMMA = YES;
				CLANG_WARN_CONSTANT_CONVERSION = YES;
				CLANG_WARN_DEPRECATED_OBJC_IMPLEMENTATIONS = YES;
				CLANG_WARN_DIRECT_OBJC_ISA_USAGE = YES_ERROR;
				CLANG_WARN_DOCUMENTATION_COMMENTS = YES;
				CLANG_WARN_EMPTY_BODY = YES;
				CLANG_WARN_ENUM_CONVERSION = YES;
				CLANG_WARN_INFINITE_RECURSION = YES;
				CLANG_WARN_INT_CONVERSION = YES;
				CLANG_WARN_NON_LITERAL_NULL_CONVERSION = YES;
				CLANG_WARN_OBJC_IMPLICIT_RETAIN_SELF = YES;
				CLANG_WARN_OBJC_LITERAL_CONVERSION = YES;
				CLANG_WARN_OBJC_ROOT_CLASS = YES_ERROR;
				CLANG_WARN_QUOTED_INCLUDE_IN_FRAMEWORK_HEADER = YES;
				CLANG_WARN_RANGE_LOOP_ANALYSIS = YES;
				CLANG_WARN_STRICT_PROTOTYPES = YES;
				CLANG_WARN_SUSPICIOUS_MOVE = YES;
				CLANG_WARN_UNGUARDED_AVAILABILITY = YES_AGGRESSIVE;
				CLANG_WARN_UNREACHABLE_CODE = YES;
				CLANG_WARN__DUPLICATE_METHOD_MATCH = YES;
				COPY_PHASE_STRIP = NO;
				DEBUG_INFORMATION_FORMAT = "dwarf-with-dsym";
				ENABLE_NS_ASSERTIONS = NO;
				ENABLE_STRICT_OBJC_MSGSEND = YES;
				ENABLE_USER_SCRIPT_SANDBOXING = YES;
				GCC_C_LANGUAGE_STANDARD = gnu17;
				GCC_NO_COMMON_BLOCKS = YES;
				GCC_WARN_64_TO_32_BIT_CONVERSION = YES;
				GCC_WARN_ABOUT_RETURN_TYPE = YES_ERROR;
				GCC_WARN_UNDECLARED_SELECTOR = YES;
				GCC_WARN_UNINITIALIZED_AUTOS = YES_AGGRESSIVE;
				GCC_WARN_UNUSED_FUNCTION = YES;
				GCC_WARN_UNUSED_VARIABLE = YES;
				LOCALIZATION_PREFERS_STRING_CATALOGS = YES;
				MTL_ENABLE_DEBUG_INFO = NO;
				MTL_FAST_MATH = YES;
				SWIFT_COMPILATION_MODE = wholemodule;
			};
			name = Release;
		};
		713F970F2F46F87300A705E0 /* Debug */ = {
			isa = XCBuildConfiguration;
			buildSettings = {
				CODE_SIGN_STYLE = Automatic;
				CURRENT_PROJECT_VERSION = 1;
				DEVELOPMENT_TEAM = RTFTQ673C9;
				ENABLE_APP_SANDBOX = YES;
				ENABLE_HARDENED_RUNTIME = YES;
				ENABLE_OUTGOING_NETWORK_CONNECTIONS = YES;
				GENERATE_INFOPLIST_FILE = YES;
				INFOPLIST_FILE = "iOS (Extension)/Info.plist";
				INFOPLIST_KEY_CFBundleDisplayName = "VideoLinkCatcher Extension";
				INFOPLIST_KEY_NSHumanReadableCopyright = "";
				IPHONEOS_DEPLOYMENT_TARGET = 15.0;
				LD_RUNPATH_SEARCH_PATHS = (
					"$(inherited)",
					"@executable_path/Frameworks",
					"@executable_path/../../Frameworks",
				);
				MARKETING_VERSION = 1.0;
				OTHER_LDFLAGS = (
					"-framework",
					SafariServices,
				);
				PRODUCT_BUNDLE_IDENTIFIER = com.elfa.videolinkcatcher.Extension;
				PRODUCT_NAME = "VideoLinkCatcher Extension";
				REGISTER_APP_GROUPS = YES;
				SDKROOT = iphoneos;
				SKIP_INSTALL = YES;
				STRING_CATALOG_GENERATE_SYMBOLS = YES;
				SUPPORTED_PLATFORMS = "iphoneos iphonesimulator macosx";
				SUPPORTS_MACCATALYST = NO;
				SUPPORTS_MAC_DESIGNED_FOR_IPHONE_IPAD = NO;
				SUPPORTS_XR_DESIGNED_FOR_IPHONE_IPAD = NO;
				SWIFT_APPROACHABLE_CONCURRENCY = YES;
				SWIFT_EMIT_LOC_STRINGS = YES;
				SWIFT_UPCOMING_FEATURE_MEMBER_IMPORT_VISIBILITY = YES;
				SWIFT_VERSION = 5.0;
				TARGETED_DEVICE_FAMILY = 1;
			};
			name = Debug;
		};
		713F97102F46F87300A705E0 /* Release */ = {
			isa = XCBuildConfiguration;
			buildSettings = {
				CODE_SIGN_STYLE = Automatic;
				CURRENT_PROJECT_VERSION = 1;
				DEVELOPMENT_TEAM = RTFTQ673C9;
				GENERATE_INFOPLIST_FILE = YES;
				INFOPLIST_FILE = "iOS (Extension)/Info.plist";
				INFOPLIST_KEY_CFBundleDisplayName = "VideoLinkCatcher Extension";
				INFOPLIST_KEY_NSHumanReadableCopyright = "";
				IPHONEOS_DEPLOYMENT_TARGET = 15.0;
				LD_RUNPATH_SEARCH_PATHS = (
					"$(inherited)",
					"@executable_path/Frameworks",
					"@executable_path/../../Frameworks",
				);
				MARKETING_VERSION = 1.0;
				OTHER_LDFLAGS = (
					"-framework",
					SafariServices,
				);
				PRODUCT_BUNDLE_IDENTIFIER = com.elfa.videolinkcatcher.Extension;
				PRODUCT_NAME = "VideoLinkCatcher Extension";
				SDKROOT = iphoneos;
				SKIP_INSTALL = YES;
				STRING_CATALOG_GENERATE_SYMBOLS = YES;
				SUPPORTED_PLATFORMS = "iphoneos iphonesimulator macosx";
				SUPPORTS_MACCATALYST = NO;
				SUPPORTS_MAC_DESIGNED_FOR_IPHONE_IPAD = NO;
				SUPPORTS_XR_DESIGNED_FOR_IPHONE_IPAD = NO;
				SWIFT_APPROACHABLE_CONCURRENCY = YES;
				SWIFT_EMIT_LOC_STRINGS = YES;
				SWIFT_UPCOMING_FEATURE_MEMBER_IMPORT_VISIBILITY = YES;
				SWIFT_VERSION = 5.0;
				TARGETED_DEVICE_FAMILY = 1;
				VALIDATE_PRODUCT = YES;
			};
			name = Release;
		};
		713F97132F46F87300A705E0 /* Debug */ = {
			isa = XCBuildConfiguration;
			buildSettings = {
				ASSETCATALOG_COMPILER_APPICON_NAME = AppIcon;
				ASSETCATALOG_COMPILER_GLOBAL_ACCENT_COLOR_NAME = AccentColor;
				CODE_SIGN_IDENTITY = "Apple Development";
				"CODE_SIGN_IDENTITY[sdk=macosx*]" = "-";
				CODE_SIGN_STYLE = Automatic;
				CURRENT_PROJECT_VERSION = 1;
				DEVELOPMENT_TEAM = RTFTQ673C9;
				ENABLE_APP_SANDBOX = YES;
				ENABLE_HARDENED_RUNTIME = YES;
				ENABLE_OUTGOING_NETWORK_CONNECTIONS = YES;
				GENERATE_INFOPLIST_FILE = YES;
				INFOPLIST_FILE = "iOS (App)/Info.plist";
				INFOPLIST_KEY_CFBundleDisplayName = VideoLinkCatcher;
				INFOPLIST_KEY_UIApplicationSupportsIndirectInputEvents = YES;
				INFOPLIST_KEY_UILaunchStoryboardName = LaunchScreen;
				INFOPLIST_KEY_UIMainStoryboardFile = Main;
				INFOPLIST_KEY_UISupportedInterfaceOrientations = "UIInterfaceOrientationPortrait UIInterfaceOrientationLandscapeLeft UIInterfaceOrientationLandscapeRight";
				INFOPLIST_KEY_UISupportedInterfaceOrientations_iPad = "UIInterfaceOrientationPortrait UIInterfaceOrientationPortraitUpsideDown UIInterfaceOrientationLandscapeLeft UIInterfaceOrientationLandscapeRight";
				IPHONEOS_DEPLOYMENT_TARGET = 15.0;
				LD_RUNPATH_SEARCH_PATHS = (
					"$(inherited)",
					"@executable_path/Frameworks",
				);
				MARKETING_VERSION = 1.0;
				OTHER_LDFLAGS = (
					"-framework",
					SafariServices,
					"-framework",
					WebKit,
				);
				PRODUCT_BUNDLE_IDENTIFIER = com.elfa.videolinkcatcher;
				PRODUCT_NAME = VideoLinkCatcher;
				PROVISIONING_PROFILE_SPECIFIER = "";
				REGISTER_APP_GROUPS = YES;
				SDKROOT = iphoneos;
				STRING_CATALOG_GENERATE_SYMBOLS = YES;
				SUPPORTED_PLATFORMS = "iphoneos iphonesimulator macosx";
				SUPPORTS_MACCATALYST = NO;
				SUPPORTS_MAC_DESIGNED_FOR_IPHONE_IPAD = NO;
				SUPPORTS_XR_DESIGNED_FOR_IPHONE_IPAD = NO;
				SWIFT_APPROACHABLE_CONCURRENCY = YES;
				SWIFT_DEFAULT_ACTOR_ISOLATION = MainActor;
				SWIFT_EMIT_LOC_STRINGS = YES;
				SWIFT_UPCOMING_FEATURE_MEMBER_IMPORT_VISIBILITY = YES;
				SWIFT_VERSION = 5.0;
				TARGETED_DEVICE_FAMILY = 1;
			};
			name = Debug;
		};
		713F97142F46F87300A705E0 /* Release */ = {
			isa = XCBuildConfiguration;
			buildSettings = {
				ASSETCATALOG_COMPILER_APPICON_NAME = AppIcon;
				ASSETCATALOG_COMPILER_GLOBAL_ACCENT_COLOR_NAME = AccentColor;
				CODE_SIGN_IDENTITY = "Apple Development";
				"CODE_SIGN_IDENTITY[sdk=macosx*]" = "-";
				CODE_SIGN_STYLE = Automatic;
				CURRENT_PROJECT_VERSION = 1;
				DEVELOPMENT_TEAM = RTFTQ673C9;
				GENERATE_INFOPLIST_FILE = YES;
				INFOPLIST_FILE = "iOS (App)/Info.plist";
				INFOPLIST_KEY_CFBundleDisplayName = VideoLinkCatcher;
				INFOPLIST_KEY_UIApplicationSupportsIndirectInputEvents = YES;
				INFOPLIST_KEY_UILaunchStoryboardName = LaunchScreen;
				INFOPLIST_KEY_UIMainStoryboardFile = Main;
				INFOPLIST_KEY_UISupportedInterfaceOrientations = "UIInterfaceOrientationPortrait UIInterfaceOrientationLandscapeLeft UIInterfaceOrientationLandscapeRight";
				INFOPLIST_KEY_UISupportedInterfaceOrientations_iPad = "UIInterfaceOrientationPortrait UIInterfaceOrientationPortraitUpsideDown UIInterfaceOrientationLandscapeLeft UIInterfaceOrientationLandscapeRight";
				IPHONEOS_DEPLOYMENT_TARGET = 15.0;
				LD_RUNPATH_SEARCH_PATHS = (
					"$(inherited)",
					"@executable_path/Frameworks",
				);
				MARKETING_VERSION = 1.0;
				OTHER_LDFLAGS = (
					"-framework",
					SafariServices,
					"-framework",
					WebKit,
				);
				PRODUCT_BUNDLE_IDENTIFIER = com.elfa.videolinkcatcher;
				PRODUCT_NAME = VideoLinkCatcher;
				PROVISIONING_PROFILE_SPECIFIER = "";
				SDKROOT = iphoneos;
				STRING_CATALOG_GENERATE_SYMBOLS = YES;
				SUPPORTED_PLATFORMS = "iphoneos iphonesimulator macosx";
				SUPPORTS_MACCATALYST = NO;
				SUPPORTS_MAC_DESIGNED_FOR_IPHONE_IPAD = NO;
				SUPPORTS_XR_DESIGNED_FOR_IPHONE_IPAD = NO;
				SWIFT_APPROACHABLE_CONCURRENCY = YES;
				SWIFT_DEFAULT_ACTOR_ISOLATION = MainActor;
				SWIFT_EMIT_LOC_STRINGS = YES;
				SWIFT_UPCOMING_FEATURE_MEMBER_IMPORT_VISIBILITY = YES;
				SWIFT_VERSION = 5.0;
				TARGETED_DEVICE_FAMILY = 1;
				VALIDATE_PRODUCT = YES;
			};
			name = Release;
		};
		713F97162F46F87300A705E0 /* Debug */ = {
			isa = XCBuildConfiguration;
			buildSettings = {
				CODE_SIGN_STYLE = Automatic;
				CURRENT_PROJECT_VERSION = 1;
				ENABLE_APP_SANDBOX = YES;
				ENABLE_HARDENED_RUNTIME = YES;
				ENABLE_USER_SELECTED_FILES = readonly;
				GENERATE_INFOPLIST_FILE = YES;
				INFOPLIST_FILE = "macOS (Extension)/Info.plist";
				INFOPLIST_KEY_CFBundleDisplayName = "VideoLinkCatcher Extension";
				INFOPLIST_KEY_NSHumanReadableCopyright = "";
				LD_RUNPATH_SEARCH_PATHS = (
					"$(inherited)",
					"@executable_path/../Frameworks",
					"@executable_path/../../../../Frameworks",
				);
				MACOSX_DEPLOYMENT_TARGET = 10.14;
				MARKETING_VERSION = 1.0;
				OTHER_LDFLAGS = (
					"-framework",
					SafariServices,
				);
				PRODUCT_BUNDLE_IDENTIFIER = com.elfa.videolinkcatcher.Extension;
				PRODUCT_NAME = "VideoLinkCatcher Extension";
				SDKROOT = macosx;
				SKIP_INSTALL = YES;
				STRING_CATALOG_GENERATE_SYMBOLS = YES;
				SUPPORTED_PLATFORMS = "iphoneos iphonesimulator macosx";
				SUPPORTS_MACCATALYST = NO;
				SWIFT_APPROACHABLE_CONCURRENCY = YES;
				SWIFT_EMIT_LOC_STRINGS = YES;
				SWIFT_UPCOMING_FEATURE_MEMBER_IMPORT_VISIBILITY = YES;
				SWIFT_VERSION = 5.0;
				TARGETED_DEVICE_FAMILY = 1;
			};
			name = Debug;
		};
		713F97172F46F87300A705E0 /* Release */ = {
			isa = XCBuildConfiguration;
			buildSettings = {
				CODE_SIGN_STYLE = Automatic;
				CURRENT_PROJECT_VERSION = 1;
				ENABLE_APP_SANDBOX = YES;
				ENABLE_HARDENED_RUNTIME = YES;
				ENABLE_USER_SELECTED_FILES = readonly;
				GENERATE_INFOPLIST_FILE = YES;
				INFOPLIST_FILE = "macOS (Extension)/Info.plist";
				INFOPLIST_KEY_CFBundleDisplayName = "VideoLinkCatcher Extension";
				INFOPLIST_KEY_NSHumanReadableCopyright = "";
				LD_RUNPATH_SEARCH_PATHS = (
					"$(inherited)",
					"@executable_path/../Frameworks",
					"@executable_path/../../../../Frameworks",
				);
				MACOSX_DEPLOYMENT_TARGET = 10.14;
				MARKETING_VERSION = 1.0;
				OTHER_LDFLAGS = (
					"-framework",
					SafariServices,
				);
				PRODUCT_BUNDLE_IDENTIFIER = com.elfa.videolinkcatcher.Extension;
				PRODUCT_NAME = "VideoLinkCatcher Extension";
				SDKROOT = macosx;
				SKIP_INSTALL = YES;
				STRING_CATALOG_GENERATE_SYMBOLS = YES;
				SUPPORTED_PLATFORMS = "iphoneos iphonesimulator macosx";
				SUPPORTS_MACCATALYST = NO;
				SWIFT_APPROACHABLE_CONCURRENCY = YES;
				SWIFT_EMIT_LOC_STRINGS = YES;
				SWIFT_UPCOMING_FEATURE_MEMBER_IMPORT_VISIBILITY = YES;
				SWIFT_VERSION = 5.0;
				TARGETED_DEVICE_FAMILY = 1;
			};
			name = Release;
		};
		713F971A2F46F87300A705E0 /* Debug */ = {
			isa = XCBuildConfiguration;
			buildSettings = {
				ASSETCATALOG_COMPILER_APPICON_NAME = AppIcon;
				ASSETCATALOG_COMPILER_GLOBAL_ACCENT_COLOR_NAME = AccentColor;
				CODE_SIGN_STYLE = Automatic;
				CURRENT_PROJECT_VERSION = 1;
				ENABLE_APP_SANDBOX = YES;
				ENABLE_HARDENED_RUNTIME = YES;
				ENABLE_OUTGOING_NETWORK_CONNECTIONS = YES;
				ENABLE_USER_SELECTED_FILES = readonly;
				GENERATE_INFOPLIST_FILE = YES;
				INFOPLIST_FILE = "macOS (App)/Info.plist";
				INFOPLIST_KEY_CFBundleDisplayName = VideoLinkCatcher;
				INFOPLIST_KEY_NSMainStoryboardFile = Main;
				INFOPLIST_KEY_NSPrincipalClass = NSApplication;
				LD_RUNPATH_SEARCH_PATHS = (
					"$(inherited)",
					"@executable_path/../Frameworks",
				);
				MACOSX_DEPLOYMENT_TARGET = 10.14;
				MARKETING_VERSION = 1.0;
				OTHER_LDFLAGS = (
					"-framework",
					SafariServices,
					"-framework",
					WebKit,
				);
				PRODUCT_BUNDLE_IDENTIFIER = com.elfa.videolinkcatcher;
				PRODUCT_NAME = VideoLinkCatcher;
				REGISTER_APP_GROUPS = YES;
				SDKROOT = macosx;
				STRING_CATALOG_GENERATE_SYMBOLS = YES;
				SUPPORTED_PLATFORMS = "iphoneos iphonesimulator macosx";
				SUPPORTS_MACCATALYST = NO;
				SWIFT_APPROACHABLE_CONCURRENCY = YES;
				SWIFT_DEFAULT_ACTOR_ISOLATION = MainActor;
				SWIFT_EMIT_LOC_STRINGS = YES;
				SWIFT_UPCOMING_FEATURE_MEMBER_IMPORT_VISIBILITY = YES;
				SWIFT_VERSION = 5.0;
				TARGETED_DEVICE_FAMILY = 1;
			};
			name = Debug;
		};
		713F971B2F46F87300A705E0 /* Release */ = {
			isa = XCBuildConfiguration;
			buildSettings = {
				ASSETCATALOG_COMPILER_APPICON_NAME = AppIcon;
				ASSETCATALOG_COMPILER_GLOBAL_ACCENT_COLOR_NAME = AccentColor;
				CODE_SIGN_STYLE = Automatic;
				CURRENT_PROJECT_VERSION = 1;
				ENABLE_APP_SANDBOX = YES;
				ENABLE_HARDENED_RUNTIME = YES;
				ENABLE_OUTGOING_NETWORK_CONNECTIONS = YES;
				ENABLE_USER_SELECTED_FILES = readonly;
				GENERATE_INFOPLIST_FILE = YES;
				INFOPLIST_FILE = "macOS (App)/Info.plist";
				INFOPLIST_KEY_CFBundleDisplayName = VideoLinkCatcher;
				INFOPLIST_KEY_NSMainStoryboardFile = Main;
				INFOPLIST_KEY_NSPrincipalClass = NSApplication;
				LD_RUNPATH_SEARCH_PATHS = (
					"$(inherited)",
					"@executable_path/../Frameworks",
				);
				MACOSX_DEPLOYMENT_TARGET = 10.14;
				MARKETING_VERSION = 1.0;
				OTHER_LDFLAGS = (
					"-framework",
					SafariServices,
					"-framework",
					WebKit,
				);
				PRODUCT_BUNDLE_IDENTIFIER = com.elfa.videolinkcatcher;
				PRODUCT_NAME = VideoLinkCatcher;
				REGISTER_APP_GROUPS = YES;
				SDKROOT = macosx;
				STRING_CATALOG_GENERATE_SYMBOLS = YES;
				SUPPORTED_PLATFORMS = "iphoneos iphonesimulator macosx";
				SUPPORTS_MACCATALYST = NO;
				SWIFT_APPROACHABLE_CONCURRENCY = YES;
				SWIFT_DEFAULT_ACTOR_ISOLATION = MainActor;
				SWIFT_EMIT_LOC_STRINGS = YES;
				SWIFT_UPCOMING_FEATURE_MEMBER_IMPORT_VISIBILITY = YES;
				SWIFT_VERSION = 5.0;
				TARGETED_DEVICE_FAMILY = 1;
			};
			name = Release;
		};
/* End XCBuildConfiguration section */

/* Begin XCConfigurationList section */
		713F96C02F46F87200A705E0 /* Build configuration list for PBXProject "VideoLinkCatcher" */ = {
			isa = XCConfigurationList;
			buildConfigurations = (
				713F970C2F46F87300A705E0 /* Debug */,
				713F970D2F46F87300A705E0 /* Release */,
			);
			defaultConfigurationIsVisible = 0;
			defaultConfigurationName = Release;
		};
		713F970E2F46F87300A705E0 /* Build configuration list for PBXNativeTarget "VideoLinkCatcher Extension (iOS)" */ = {
			isa = XCConfigurationList;
			buildConfigurations = (
				713F970F2F46F87300A705E0 /* Debug */,
				713F97102F46F87300A705E0 /* Release */,
			);
			defaultConfigurationIsVisible = 0;
			defaultConfigurationName = Release;
		};
		713F97122F46F87300A705E0 /* Build configuration list for PBXNativeTarget "VideoLinkCatcher (iOS)" */ = {
			isa = XCConfigurationList;
			buildConfigurations = (
				713F97132F46F87300A705E0 /* Debug */,
				713F97142F46F87300A705E0 /* Release */,
			);
			defaultConfigurationIsVisible = 0;
			defaultConfigurationName = Release;
		};
		713F97152F46F87300A705E0 /* Build configuration list for PBXNativeTarget "VideoLinkCatcher Extension (macOS)" */ = {
			isa = XCConfigurationList;
			buildConfigurations = (
				713F97162F46F87300A705E0 /* Debug */,
				713F97172F46F87300A705E0 /* Release */,
			);
			defaultConfigurationIsVisible = 0;
			defaultConfigurationName = Release;
		};
		713F97192F46F87300A705E0 /* Build configuration list for PBXNativeTarget "VideoLinkCatcher (macOS)" */ = {
			isa = XCConfigurationList;
			buildConfigurations = (
				713F971A2F46F87300A705E0 /* Debug */,
				713F971B2F46F87300A705E0 /* Release */,
			);
			defaultConfigurationIsVisible = 0;
			defaultConfigurationName = Release;
		};
/* End XCConfigurationList section */
	};
	rootObject = 713F96BD2F46F87200A705E0 /* Project object */;
}
